{
  "version": 4,
  "terraform_version": "1.14.3",
  "serial": 8,
  "lineage": "a65c8965-db26-59d1-78bb-9755e3bc336e",
  "outputs": {
    "bucket_arn": {
      "value": "arn:aws:s3:::rayansh-portfolio-tf-state-1a69217f",
      "type": "string"
    },
    "next_steps": {
      "value": "\n✅ Terraform state bucket created: rayansh-portfolio-tf-state-1a69217f\n\nNext steps:\n1. Add this to GitHub Secret: TERRAFORM_STATE_BUCKET = rayansh-portfolio-tf-state-1a69217f\n2. Create file: terraform/backend.tf with this content:\n\n   terraform {\n     backend \"s3\" {\n       bucket  = \"rayansh-portfolio-tf-state-1a69217f\"\n       key     = \"infrastructure.tfstate\"\n       region  = \"us-east-1\"\n       encrypt = true\n     }\n   }\n\n3. Run main Terraform:\n   cd ../\n   terraform init\n   terraform plan -out=tfplan\n   terraform apply tfplan\n\n",
      "type": "string"
    },
    "terraform_state_bucket": {
      "value": "rayansh-portfolio-tf-state-1a69217f",
      "type": "string"
    }
  },
  "resources": [
    {
      "mode": "managed",
      "type": "aws_iam_user_policy",
      "name": "github_actions_terraform_state",
      "provider": "provider[\"registry.terraform.io/hashicorp/aws\"]",
      "instances": [
        {
          "index_key": 0,
          "schema_version": 0,
          "attributes": {
            "id": "ray_web:terraform-state-access",
            "name": "terraform-state-access",
            "name_prefix": "",
            "policy": "{\"Version\":\"2012-10-17\",\"Statement\":[{\"Action\":[\"s3:GetObject\",\"s3:PutObject\",\"s3:DeleteObject\",\"s3:ListBucket\"],\"Effect\":\"Allow\",\"Resource\":[\"arn:aws:s3:::rayansh-portfolio-tf-state-1a69217f\",\"arn:aws:s3:::rayansh-portfolio-tf-state-1a69217f/*\"]}]}",
            "user": "ray_web"
          },
          "sensitive_attributes": [],
          "identity_schema_version": 0,
          "private": "bnVsbA==",
          "dependencies": [
            "aws_s3_bucket.terraform_state",
            "random_id.bucket_suffix"
          ]
        }
      ]
    },
    {
      "mode": "managed",
      "type": "aws_s3_bucket",
      "name": "terraform_state",
      "provider": "provider[\"registry.terraform.io/hashicorp/aws\"]",
      "instances": [
        {
          "schema_version": 0,
          "attributes": {
            "acceleration_status": "",
            "acl": null,
            "arn": "arn:aws:s3:::rayansh-portfolio-tf-state-1a69217f",
            "bucket": "rayansh-portfolio-tf-state-1a69217f",
            "bucket_domain_name": "rayansh-portfolio-tf-state-1a69217f.s3.amazonaws.com",
            "bucket_prefix": "",
            "bucket_regional_domain_name": "rayansh-portfolio-tf-state-1a69217f.s3.us-east-1.amazonaws.com",
            "cors_rule": [],
            "force_destroy": false,
            "grant": [
              {
                "id": "2ab8a4e1d2d32fc8d13c5cb7fa3f4d2e70fe3491d4917b474cf247c4ce7a5c4c",
                "permissions": [
                  "FULL_CONTROL"
                ],
                "type": "CanonicalUser",
                "uri": ""
              }
            ],
            "hosted_zone_id": "Z3AQBSTGFYJSTF",
            "id": "rayansh-portfolio-tf-state-1a69217f",
            "lifecycle_rule": [],
            "logging": [],
            "object_lock_configuration": [],
            "object_lock_enabled": false,
            "policy": "",
            "region": "us-east-1",
            "replication_configuration": [],
            "request_payer": "BucketOwner",
            "server_side_encryption_configuration": [
              {
                "rule": [
                  {
                    "apply_server_side_encryption_by_default": [
                      {
                        "kms_master_key_id": "",
                        "sse_algorithm": "AES256"
                      }
                    ],
                    "bucket_key_enabled": false
                  }
                ]
              }
            ],
            "tags": {
              "Environment": "production",
              "ManagedBy": "Terraform Bootstrap",
              "Name": "rayansh-portfolio-terraform-state"
            },
            "tags_all": {
              "Environment": "production",
              "ManagedBy": "Terraform Bootstrap",
              "Name": "rayansh-portfolio-terraform-state"
            },
            "timeouts": null,
            "versioning": [
              {
                "enabled": true,
                "mfa_delete": false
              }
            ],
            "website": [],
            "website_domain": null,
            "website_endpoint": null
          },
          "sensitive_attributes": [],
          "identity_schema_version": 0,
          "private": "eyJlMmJmYjczMC1lY2FhLTExZTYtOGY4OC0zNDM2M2JjN2M0YzAiOnsiY3JlYXRlIjoxMjAwMDAwMDAwMDAwLCJkZWxldGUiOjM2MDAwMDAwMDAwMDAsInJlYWQiOjEyMDAwMDAwMDAwMDAsInVwZGF0ZSI6MTIwMDAwMDAwMDAwMH19",
          "dependencies": [
            "random_id.bucket_suffix"
          ]
        }
      ]
    },
    {
      "mode": "managed",
      "type": "aws_s3_bucket_public_access_block",
      "name": "terraform_state",
      "provider": "provider[\"registry.terraform.io/hashicorp/aws\"]",
      "instances": [
        {
          "schema_version": 0,
          "attributes": {
            "block_public_acls": true,
            "block_public_policy": true,
            "bucket": "rayansh-portfolio-tf-state-1a69217f",
            "id": "rayansh-portfolio-tf-state-1a69217f",
            "ignore_public_acls": true,
            "restrict_public_buckets": true
          },
          "sensitive_attributes": [],
          "identity_schema_version": 0,
          "private": "bnVsbA==",
          "dependencies": [
            "aws_s3_bucket.terraform_state",
            "random_id.bucket_suffix"
          ]
        }
      ]
    },
    {
      "mode": "managed",
      "type": "aws_s3_bucket_server_side_encryption_configuration",
      "name": "terraform_state",
      "provider": "provider[\"registry.terraform.io/hashicorp/aws\"]",
      "instances": [
        {
          "schema_version": 0,
          "attributes": {
            "bucket": "rayansh-portfolio-tf-state-1a69217f",
            "expected_bucket_owner": "",
            "id": "rayansh-portfolio-tf-state-1a69217f",
            "rule": [
              {
                "apply_server_side_encryption_by_default": [
                  {
                    "kms_master_key_id": "",
                    "sse_algorithm": "AES256"
                  }
                ],
                "bucket_key_enabled": false
              }
            ]
          },
          "sensitive_attributes": [],
          "identity_schema_version": 0,
          "private": "bnVsbA==",
          "dependencies": [
            "aws_s3_bucket.terraform_state",
            "random_id.bucket_suffix"
          ]
        }
      ]
    },
    {
      "mode": "managed",
      "type": "aws_s3_bucket_versioning",
      "name": "terraform_state",
      "provider": "provider[\"registry.terraform.io/hashicorp/aws\"]",
      "instances": [
        {
          "schema_version": 0,
          "attributes": {
            "bucket": "rayansh-portfolio-tf-state-1a69217f",
            "expected_bucket_owner": "",
            "id": "rayansh-portfolio-tf-state-1a69217f",
            "mfa": null,
            "versioning_configuration": [
              {
                "mfa_delete": "",
                "status": "Enabled"
              }
            ]
          },
          "sensitive_attributes": [],
          "identity_schema_version": 0,
          "private": "bnVsbA==",
          "dependencies": [
            "aws_s3_bucket.terraform_state",
            "random_id.bucket_suffix"
          ]
        }
      ]
    },
    {
      "mode": "managed",
      "type": "random_id",
      "name": "bucket_suffix",
      "provider": "provider[\"registry.terraform.io/hashicorp/random\"]",
      "instances": [
        {
          "schema_version": 0,
          "attributes": {
            "b64_std": "Gmkhfw==",
            "b64_url": "Gmkhfw",
            "byte_length": 4,
            "dec": "443097471",
            "hex": "1a69217f",
            "id": "Gmkhfw",
            "keepers": null,
            "prefix": null
          },
          "sensitive_attributes": [],
          "identity_schema_version": 0
        }
      ]
    }
  ],
  "check_results": null
}
