{
  "version": 4,
  "terraform_version": "1.14.3",
  "serial": 1,
  "lineage": "0f2c72f5-a968-57f2-669e-b48599ebf4ec",
  "outputs": {},
  "resources": [
    {
      "mode": "managed",
      "type": "random_id",
      "name": "bucket_suffix",
      "provider": "provider[\"registry.terraform.io/hashicorp/random\"]",
      "instances": [
        {
          "schema_version": 0,
          "attributes": {
            "b64_std": "mfKcZw==",
            "b64_url": "mfKcZw",
            "byte_length": 4,
            "dec": "2582813799",
            "hex": "99f29c67",
            "id": "mfKcZw",
            "keepers": null,
            "prefix": null
          },
          "sensitive_attributes": [],
          "identity_schema_version": 0
        }
      ]
    }
  ],
  "check_results": null
}
