{
  "version": 4,
  "terraform_version": "1.14.3",
  "serial": 1,
  "lineage": "a65c8965-db26-59d1-78bb-9755e3bc336e",
  "outputs": {},
  "resources": [
    {
      "mode": "managed",
      "type": "random_id",
      "name": "bucket_suffix",
      "provider": "provider[\"registry.terraform.io/hashicorp/random\"]",
      "instances": [
        {
          "schema_version": 0,
          "attributes": {
            "b64_std": "Gmkhfw==",
            "b64_url": "Gmkhfw",
            "byte_length": 4,
            "dec": "443097471",
            "hex": "1a69217f",
            "id": "Gmkhfw",
            "keepers": null,
            "prefix": null
          },
          "sensitive_attributes": [],
          "identity_schema_version": 0
        }
      ]
    }
  ],
  "check_results": null
}
